
Microsoft Visual Studio Solution File, Format Version 12.00
# Visual Studio Version 17
VisualStudioVersion = 17.7.34009.444
MinimumVisualStudioVersion = 10.0.40219.1
Project("{FAE04EC0-301F-11D3-BF4B-00C04F79EFBC}") = "SctvMulticastGenerator", "SctvMulticastGenerator\SctvMulticastGenerator.csproj", "{A03FF33E-E1E0-46CA-9B90-276C7D5F0B11}"
EndProject
Global
	GlobalSection(SolutionConfigurationPlatforms) = preSolution
		Debug|Any CPU = Debug|Any CPU
		Release|Any CPU = Release|Any CPU
	EndGlobalSection
	GlobalSection(ProjectConfigurationPlatforms) = postSolution
		{A03FF33E-E1E0-46CA-9B90-276C7D5F0B11}.Debug|Any CPU.ActiveCfg = Debug|Any CPU
		{A03FF33E-E1E0-46CA-9B90-276C7D5F0B11}.Debug|Any CPU.Build.0 = Debug|Any CPU
		{A03FF33E-E1E0-46CA-9B90-276C7D5F0B11}.Release|Any CPU.ActiveCfg = Release|Any CPU
		{A03FF33E-E1E0-46CA-9B90-276C7D5F0B11}.Release|Any CPU.Build.0 = Release|Any CPU
	EndGlobalSection
	GlobalSection(SolutionProperties) = preSolution
		HideSolutionNode = FALSE
	EndGlobalSection
	GlobalSection(ExtensibilityGlobals) = postSolution
		SolutionGuid = {A7AA3C53-8D7D-4346-8350-FAC79F5B2815}
	EndGlobalSection
EndGlobal
